
Microsoft Visual Studio Solution File, Format Version 12.00
# Visual Studio Version 17
VisualStudioVersion = 17.9.34723.18
MinimumVisualStudioVersion = 10.0.40219.1
Project("{FAE04EC0-301F-11D3-BF4B-00C04F79EFBC}") = "практическая работа №5 WPF", "практическая работа №5 WPF\практическая работа №5 WPF.csproj", "{3309B239-FCF4-493A-B73B-885C6EB74C63}"
EndProject
Global
	GlobalSection(SolutionConfigurationPlatforms) = preSolution
		Debug|Any CPU = Debug|Any CPU
		Release|Any CPU = Release|Any CPU
	EndGlobalSection
	GlobalSection(ProjectConfigurationPlatforms) = postSolution
		{3309B239-FCF4-493A-B73B-885C6EB74C63}.Debug|Any CPU.ActiveCfg = Debug|Any CPU
		{3309B239-FCF4-493A-B73B-885C6EB74C63}.Debug|Any CPU.Build.0 = Debug|Any CPU
		{3309B239-FCF4-493A-B73B-885C6EB74C63}.Release|Any CPU.ActiveCfg = Release|Any CPU
		{3309B239-FCF4-493A-B73B-885C6EB74C63}.Release|Any CPU.Build.0 = Release|Any CPU
	EndGlobalSection
	GlobalSection(SolutionProperties) = preSolution
		HideSolutionNode = FALSE
	EndGlobalSection
	GlobalSection(ExtensibilityGlobals) = postSolution
		SolutionGuid = {9B5130EE-AA51-4BF3-A8FA-356E62F4B025}
	EndGlobalSection
EndGlobal
