
Microsoft Visual Studio Solution File, Format Version 12.00
# Visual Studio Version 17
VisualStudioVersion = 17.9.34723.18
MinimumVisualStudioVersion = 10.0.40219.1
Project("{FAE04EC0-301F-11D3-BF4B-00C04F79EFBC}") = "Практическая работа №4 модули", "Практическая работа №4 модули\Практическая работа №4 модули.csproj", "{87985B24-1F59-482E-890E-2C4F696D5E9E}"
EndProject
Global
	GlobalSection(SolutionConfigurationPlatforms) = preSolution
		Debug|Any CPU = Debug|Any CPU
		Release|Any CPU = Release|Any CPU
	EndGlobalSection
	GlobalSection(ProjectConfigurationPlatforms) = postSolution
		{87985B24-1F59-482E-890E-2C4F696D5E9E}.Debug|Any CPU.ActiveCfg = Debug|Any CPU
		{87985B24-1F59-482E-890E-2C4F696D5E9E}.Debug|Any CPU.Build.0 = Debug|Any CPU
		{87985B24-1F59-482E-890E-2C4F696D5E9E}.Release|Any CPU.ActiveCfg = Release|Any CPU
		{87985B24-1F59-482E-890E-2C4F696D5E9E}.Release|Any CPU.Build.0 = Release|Any CPU
	EndGlobalSection
	GlobalSection(SolutionProperties) = preSolution
		HideSolutionNode = FALSE
	EndGlobalSection
	GlobalSection(ExtensibilityGlobals) = postSolution
		SolutionGuid = {04E6173A-8651-4BC5-B14C-B107EA4AAB30}
	EndGlobalSection
EndGlobal
